
Microsoft Visual Studio Solution File, Format Version 12.00
# Visual Studio Version 17
VisualStudioVersion = 17.9.34728.123
MinimumVisualStudioVersion = 10.0.40219.1
Project("{FAE04EC0-301F-11D3-BF4B-00C04F79EFBC}") = "API", "API\API.csproj", "{6D1B4FE1-497E-4FEA-9299-133A7404D8B7}"
EndProject
Project("{FAE04EC0-301F-11D3-BF4B-00C04F79EFBC}") = "ApplicationCore", "ApplicationCore\ApplicationCore.csproj", "{751278CE-73AF-4E65-B34E-0CC1C731DC69}"
EndProject
Project("{FAE04EC0-301F-11D3-BF4B-00C04F79EFBC}") = "Infrastructure", "Infrastructure\Infrastructure.csproj", "{904B1BAA-2E29-416B-BE81-62084F89A9E7}"
EndProject
Global
	GlobalSection(SolutionConfigurationPlatforms) = preSolution
		Debug|Any CPU = Debug|Any CPU
		Release|Any CPU = Release|Any CPU
	EndGlobalSection
	GlobalSection(ProjectConfigurationPlatforms) = postSolution
		{6D1B4FE1-497E-4FEA-9299-133A7404D8B7}.Debug|Any CPU.ActiveCfg = Debug|Any CPU
		{6D1B4FE1-497E-4FEA-9299-133A7404D8B7}.Debug|Any CPU.Build.0 = Debug|Any CPU
		{6D1B4FE1-497E-4FEA-9299-133A7404D8B7}.Release|Any CPU.ActiveCfg = Release|Any CPU
		{6D1B4FE1-497E-4FEA-9299-133A7404D8B7}.Release|Any CPU.Build.0 = Release|Any CPU
		{751278CE-73AF-4E65-B34E-0CC1C731DC69}.Debug|Any CPU.ActiveCfg = Debug|Any CPU
		{751278CE-73AF-4E65-B34E-0CC1C731DC69}.Debug|Any CPU.Build.0 = Debug|Any CPU
		{751278CE-73AF-4E65-B34E-0CC1C731DC69}.Release|Any CPU.ActiveCfg = Release|Any CPU
		{751278CE-73AF-4E65-B34E-0CC1C731DC69}.Release|Any CPU.Build.0 = Release|Any CPU
		{904B1BAA-2E29-416B-BE81-62084F89A9E7}.Debug|Any CPU.ActiveCfg = Debug|Any CPU
		{904B1BAA-2E29-416B-BE81-62084F89A9E7}.Debug|Any CPU.Build.0 = Debug|Any CPU
		{904B1BAA-2E29-416B-BE81-62084F89A9E7}.Release|Any CPU.ActiveCfg = Release|Any CPU
		{904B1BAA-2E29-416B-BE81-62084F89A9E7}.Release|Any CPU.Build.0 = Release|Any CPU
	EndGlobalSection
	GlobalSection(SolutionProperties) = preSolution
		HideSolutionNode = FALSE
	EndGlobalSection
	GlobalSection(ExtensibilityGlobals) = postSolution
		SolutionGuid = {BD683E38-C94C-405D-ADBD-F09D132F6503}
	EndGlobalSection
EndGlobal
